
Microsoft Visual Studio Solution File, Format Version 12.00
# Visual Studio 15
VisualStudioVersion = 15.0.28307.779
MinimumVisualStudioVersion = 10.0.40219.1
Project("{8BC9CEB8-8B4A-11D0-8D11-00A0C91BC942}") = "CngRSATest", "CngRSATest\CngRSATest.vcxproj", "{3F1779FA-2FDB-4265-B041-AB150CD42EFE}"
EndProject
Project("{8BC9CEB8-8B4A-11D0-8D11-00A0C91BC942}") = "KeyGenerate", "KeyGenerate\KeyGenerate.vcxproj", "{C39AEC3E-6477-4C4C-9915-69E7C9FBE746}"
EndProject
Global
	GlobalSection(SolutionConfigurationPlatforms) = preSolution
		Debug|x64 = Debug|x64
		Debug|x86 = Debug|x86
		Release|x64 = Release|x64
		Release|x86 = Release|x86
	EndGlobalSection
	GlobalSection(ProjectConfigurationPlatforms) = postSolution
		{3F1779FA-2FDB-4265-B041-AB150CD42EFE}.Debug|x64.ActiveCfg = Debug|x64
		{3F1779FA-2FDB-4265-B041-AB150CD42EFE}.Debug|x64.Build.0 = Debug|x64
		{3F1779FA-2FDB-4265-B041-AB150CD42EFE}.Debug|x86.ActiveCfg = Debug|Win32
		{3F1779FA-2FDB-4265-B041-AB150CD42EFE}.Debug|x86.Build.0 = Debug|Win32
		{3F1779FA-2FDB-4265-B041-AB150CD42EFE}.Release|x64.ActiveCfg = Release|x64
		{3F1779FA-2FDB-4265-B041-AB150CD42EFE}.Release|x64.Build.0 = Release|x64
		{3F1779FA-2FDB-4265-B041-AB150CD42EFE}.Release|x86.ActiveCfg = Release|Win32
		{3F1779FA-2FDB-4265-B041-AB150CD42EFE}.Release|x86.Build.0 = Release|Win32
		{C39AEC3E-6477-4C4C-9915-69E7C9FBE746}.Debug|x64.ActiveCfg = Debug|x64
		{C39AEC3E-6477-4C4C-9915-69E7C9FBE746}.Debug|x64.Build.0 = Debug|x64
		{C39AEC3E-6477-4C4C-9915-69E7C9FBE746}.Debug|x86.ActiveCfg = Debug|Win32
		{C39AEC3E-6477-4C4C-9915-69E7C9FBE746}.Debug|x86.Build.0 = Debug|Win32
		{C39AEC3E-6477-4C4C-9915-69E7C9FBE746}.Release|x64.ActiveCfg = Release|x64
		{C39AEC3E-6477-4C4C-9915-69E7C9FBE746}.Release|x64.Build.0 = Release|x64
		{C39AEC3E-6477-4C4C-9915-69E7C9FBE746}.Release|x86.ActiveCfg = Release|Win32
		{C39AEC3E-6477-4C4C-9915-69E7C9FBE746}.Release|x86.Build.0 = Release|Win32
	EndGlobalSection
	GlobalSection(SolutionProperties) = preSolution
		HideSolutionNode = FALSE
	EndGlobalSection
	GlobalSection(ExtensibilityGlobals) = postSolution
		SolutionGuid = {14FE3CDF-F58C-489E-9624-C1F205AED273}
	EndGlobalSection
EndGlobal
