
Microsoft Visual Studio Solution File, Format Version 12.00
# Visual Studio 15
VisualStudioVersion = 15.0.28307.779
MinimumVisualStudioVersion = 10.0.40219.1
Project("{8BC9CEB8-8B4A-11D0-8D11-00A0C91BC942}") = "kinfinityhook", "kinfinityhook\kinfinityhook.vcxproj", "{71A0ED4D-0B55-4A92-B020-9021C86BEDA0}"
EndProject
Project("{8BC9CEB8-8B4A-11D0-8D11-00A0C91BC942}") = "libinfinityhook", "libinfinityhook\libinfinityhook.vcxproj", "{B9079C4E-D613-48C4-A649-9146B29CA9E7}"
EndProject
Project("{8BC9CEB8-8B4A-11D0-8D11-00A0C91BC942}") = "TestApp", "TestApp\TestApp.vcxproj", "{58607273-BE73-4A94-8BF1-377A25DD54C2}"
EndProject
Global
	GlobalSection(SolutionConfigurationPlatforms) = preSolution
		Debug|x64 = Debug|x64
		Debug|x86 = Debug|x86
		Release|x64 = Release|x64
		Release|x86 = Release|x86
	EndGlobalSection
	GlobalSection(ProjectConfigurationPlatforms) = postSolution
		{71A0ED4D-0B55-4A92-B020-9021C86BEDA0}.Debug|x64.ActiveCfg = Debug|x64
		{71A0ED4D-0B55-4A92-B020-9021C86BEDA0}.Debug|x64.Build.0 = Debug|x64
		{71A0ED4D-0B55-4A92-B020-9021C86BEDA0}.Debug|x64.Deploy.0 = Debug|x64
		{71A0ED4D-0B55-4A92-B020-9021C86BEDA0}.Debug|x86.ActiveCfg = Debug|x64
		{71A0ED4D-0B55-4A92-B020-9021C86BEDA0}.Release|x64.ActiveCfg = Release|x64
		{71A0ED4D-0B55-4A92-B020-9021C86BEDA0}.Release|x64.Build.0 = Release|x64
		{71A0ED4D-0B55-4A92-B020-9021C86BEDA0}.Release|x64.Deploy.0 = Release|x64
		{71A0ED4D-0B55-4A92-B020-9021C86BEDA0}.Release|x86.ActiveCfg = Release|x64
		{B9079C4E-D613-48C4-A649-9146B29CA9E7}.Debug|x64.ActiveCfg = Debug|x64
		{B9079C4E-D613-48C4-A649-9146B29CA9E7}.Debug|x64.Build.0 = Debug|x64
		{B9079C4E-D613-48C4-A649-9146B29CA9E7}.Debug|x64.Deploy.0 = Debug|x64
		{B9079C4E-D613-48C4-A649-9146B29CA9E7}.Debug|x86.ActiveCfg = Debug|Win32
		{B9079C4E-D613-48C4-A649-9146B29CA9E7}.Debug|x86.Build.0 = Debug|Win32
		{B9079C4E-D613-48C4-A649-9146B29CA9E7}.Debug|x86.Deploy.0 = Debug|Win32
		{B9079C4E-D613-48C4-A649-9146B29CA9E7}.Release|x64.ActiveCfg = Release|x64
		{B9079C4E-D613-48C4-A649-9146B29CA9E7}.Release|x64.Build.0 = Release|x64
		{B9079C4E-D613-48C4-A649-9146B29CA9E7}.Release|x64.Deploy.0 = Release|x64
		{B9079C4E-D613-48C4-A649-9146B29CA9E7}.Release|x86.ActiveCfg = Release|Win32
		{B9079C4E-D613-48C4-A649-9146B29CA9E7}.Release|x86.Build.0 = Release|Win32
		{B9079C4E-D613-48C4-A649-9146B29CA9E7}.Release|x86.Deploy.0 = Release|Win32
		{58607273-BE73-4A94-8BF1-377A25DD54C2}.Debug|x64.ActiveCfg = Debug|x64
		{58607273-BE73-4A94-8BF1-377A25DD54C2}.Debug|x64.Build.0 = Debug|x64
		{58607273-BE73-4A94-8BF1-377A25DD54C2}.Debug|x86.ActiveCfg = Debug|Win32
		{58607273-BE73-4A94-8BF1-377A25DD54C2}.Debug|x86.Build.0 = Debug|Win32
		{58607273-BE73-4A94-8BF1-377A25DD54C2}.Release|x64.ActiveCfg = Release|x64
		{58607273-BE73-4A94-8BF1-377A25DD54C2}.Release|x64.Build.0 = Release|x64
		{58607273-BE73-4A94-8BF1-377A25DD54C2}.Release|x86.ActiveCfg = Release|Win32
		{58607273-BE73-4A94-8BF1-377A25DD54C2}.Release|x86.Build.0 = Release|Win32
	EndGlobalSection
	GlobalSection(SolutionProperties) = preSolution
		HideSolutionNode = FALSE
	EndGlobalSection
	GlobalSection(ExtensibilityGlobals) = postSolution
		SolutionGuid = {DD83D104-603B-4CE2-9025-2C4963CCFDC1}
	EndGlobalSection
EndGlobal
